# THIS IS AN AUTOGENERATED FILE. DO NOT EDIT THIS FILE DIRECTLY.
# yarn lockfile v1


"@types/history@*":
  version "4.7.0"
  resolved "https://registry.yarnpkg.com/@types/history/-/history-4.7.0.tgz#2fac51050c68f7d6f96c5aafc631132522f4aa3f"

"@types/node@*":
  version "10.10.1"
  resolved "https://registry.yarnpkg.com/@types/node/-/node-10.10.1.tgz#d5c96ca246a418404914d180b7fdd625ad18eca6"

"@types/prop-types@*":
  version "15.5.5"
  resolved "https://registry.yarnpkg.com/@types/prop-types/-/prop-types-15.5.5.tgz#17038dd322c2325f5da650a94d5f9974943625e3"
  dependencies:
    "@types/react" "*"

"@types/react-dom@^16.0.7":
  version "16.0.7"
  resolved "https://registry.yarnpkg.com/@types/react-dom/-/react-dom-16.0.7.tgz#54d0f867a76b90597e8432030d297982f25c20ba"
  dependencies:
    "@types/node" "*"
    "@types/react" "*"

"@types/react-router@^4.0.31":
  version "4.0.31"
  resolved "https://registry.yarnpkg.com/@types/react-router/-/react-router-4.0.31.tgz#416bac49d746800810886c7b8582a622ed9604fc"
  dependencies:
    "@types/history" "*"
    "@types/react" "*"

"@types/react@*", "@types/react@^16.4.14":
  version "16.4.14"
  resolved "https://registry.yarnpkg.com/@types/react/-/react-16.4.14.tgz#47c604c8e46ed674bbdf4aabf82b34b9041c6a04"
  dependencies:
    "@types/prop-types" "*"
    csstype "^2.2.0"

csstype@^2.2.0:
  version "2.5.7"
  resolved "https://registry.yarnpkg.com/csstype/-/csstype-2.5.7.tgz#bf9235d5872141eccfb2d16d82993c6b149179ff"

typescript@^3.0.3:
  version "3.0.3"
  resolved "https://registry.yarnpkg.com/typescript/-/typescript-3.0.3.tgz#4853b3e275ecdaa27f78fda46dc273a7eb7fc1c8"
